
Microsoft Visual Studio Solution File, Format Version 12.00
# Visual Studio Version 17
VisualStudioVersion = 17.13.35913.81
MinimumVisualStudioVersion = 10.0.40219.1
Project("{FAE04EC0-301F-11D3-BF4B-00C04F79EFBC}") = "WPLACE_CTRLF", "WPLACE_CTRLF\WPLACE_CTRLF.csproj", "{390B0B4C-2F19-42D8-8A13-DE9846494A31}"
EndProject
Project("{FAE04EC0-301F-11D3-BF4B-00C04F79EFBC}") = "WPLACE_SCANNER_WINFORM", "WPLACE_SCANNER_WINFORM\WPLACE_SCANNER_WINFORM.csproj", "{2167E6B4-E0F0-4B87-96F5-8B435E634CD8}"
EndProject
Global
	GlobalSection(SolutionConfigurationPlatforms) = preSolution
		Debug|Any CPU = Debug|Any CPU
		Release|Any CPU = Release|Any CPU
	EndGlobalSection
	GlobalSection(ProjectConfigurationPlatforms) = postSolution
		{390B0B4C-2F19-42D8-8A13-DE9846494A31}.Debug|Any CPU.ActiveCfg = Debug|Any CPU
		{390B0B4C-2F19-42D8-8A13-DE9846494A31}.Debug|Any CPU.Build.0 = Debug|Any CPU
		{390B0B4C-2F19-42D8-8A13-DE9846494A31}.Release|Any CPU.ActiveCfg = Release|Any CPU
		{390B0B4C-2F19-42D8-8A13-DE9846494A31}.Release|Any CPU.Build.0 = Release|Any CPU
		{2167E6B4-E0F0-4B87-96F5-8B435E634CD8}.Debug|Any CPU.ActiveCfg = Debug|Any CPU
		{2167E6B4-E0F0-4B87-96F5-8B435E634CD8}.Debug|Any CPU.Build.0 = Debug|Any CPU
		{2167E6B4-E0F0-4B87-96F5-8B435E634CD8}.Release|Any CPU.ActiveCfg = Release|Any CPU
		{2167E6B4-E0F0-4B87-96F5-8B435E634CD8}.Release|Any CPU.Build.0 = Release|Any CPU
	EndGlobalSection
	GlobalSection(SolutionProperties) = preSolution
		HideSolutionNode = FALSE
	EndGlobalSection
	GlobalSection(ExtensibilityGlobals) = postSolution
		SolutionGuid = {7C3D7BE5-182F-47E5-AC4A-DC1C8A4920B6}
	EndGlobalSection
EndGlobal
